
Microsoft Visual Studio Solution File, Format Version 12.00
# Visual Studio 14
VisualStudioVersion = 14.0.24720.0
MinimumVisualStudioVersion = 10.0.40219.1
Project("{2150E333-8FDC-42A3-9474-1A3956D46DE8}") = "Android1", "Android1", "{E3B77D31-9D47-4966-B5EA-69FF0814D056}"
EndProject
Project("{39E2626F-3545-4960-A6E8-258AD8476CE5}") = "Android1.Packaging", "Android1\Android1.Packaging\Android1.Packaging.androidproj", "{10C4CD70-C436-400D-973C-5D7191989E7E}"
EndProject
Project("{8BC9CEB8-8B4A-11D0-8D11-00A0C91BC942}") = "Android1.NativeActivity", "Android1\Android1.NativeActivity\Android1.NativeActivity.vcxproj", "{67BEE5A2-1545-4C5A-A993-91A706CD752C}"
	ProjectSection(ProjectDependencies) = postProject
		{516C8316-4FA6-462E-B08F-B1421EAD684B} = {516C8316-4FA6-462E-B08F-B1421EAD684B}
		{8456089F-2E9B-4B65-9ECF-78BBACA8D2FA} = {8456089F-2E9B-4B65-9ECF-78BBACA8D2FA}
		{A8B3DFAC-C066-40F4-A414-C69A5283C77F} = {A8B3DFAC-C066-40F4-A414-C69A5283C77F}
		{C645E6B5-D202-4C77-B192-E3A8F44417E2} = {C645E6B5-D202-4C77-B192-E3A8F44417E2}
	EndProjectSection
EndProject
Project("{2150E333-8FDC-42A3-9474-1A3956D46DE8}") = "libs", "libs", "{13C99D0E-DB9A-4212-B587-F3B0646D5090}"
EndProject
Project("{8BC9CEB8-8B4A-11D0-8D11-00A0C91BC942}") = "protobuf", "libs\protobuf\protobuf.vcxproj", "{8456089F-2E9B-4B65-9ECF-78BBACA8D2FA}"
EndProject
Project("{8BC9CEB8-8B4A-11D0-8D11-00A0C91BC942}") = "jsoncpp", "libs\jsoncpp\jsoncpp.vcxproj", "{C645E6B5-D202-4C77-B192-E3A8F44417E2}"
EndProject
Project("{8BC9CEB8-8B4A-11D0-8D11-00A0C91BC942}") = "tina", "libs\tina\tina.vcxproj", "{516C8316-4FA6-462E-B08F-B1421EAD684B}"
	ProjectSection(ProjectDependencies) = postProject
		{C645E6B5-D202-4C77-B192-E3A8F44417E2} = {C645E6B5-D202-4C77-B192-E3A8F44417E2}
	EndProjectSection
EndProject
Project("{8BC9CEB8-8B4A-11D0-8D11-00A0C91BC942}") = "bullet", "libs\cocos2d\cocos2d\external\bullet\proj.android_vs\bullet.vcxproj", "{05E31645-09CF-4A7B-9E82-945A27E37C86}"
EndProject
Project("{8BC9CEB8-8B4A-11D0-8D11-00A0C91BC942}") = "box2d", "libs\cocos2d\cocos2d\external\Box2D\proj.android_vs\box2d.vcxproj", "{F83ABA2C-AFE5-4E2D-AA18-A777FA90E1E0}"
EndProject
Project("{8BC9CEB8-8B4A-11D0-8D11-00A0C91BC942}") = "recast", "libs\cocos2d\cocos2d\external\recast\proj.android_vs\recast.vcxproj", "{B2F61C83-958C-47FB-9F8C-7B7036ADBABA}"
EndProject
Project("{8BC9CEB8-8B4A-11D0-8D11-00A0C91BC942}") = "spine", "libs\cocos2d\cocos2d\cocos\editor-support\spine\proj.android_vs\spine.vcxproj", "{A8B3DFAC-C066-40F4-A414-C69A5283C77F}"
EndProject
Project("{8BC9CEB8-8B4A-11D0-8D11-00A0C91BC942}") = "cocos2d", "libs\cocos2d\cocos2d.vcxproj", "{6262863F-2FE2-4414-9805-561FBA1AF279}"
EndProject
Global
	GlobalSection(SolutionConfigurationPlatforms) = preSolution
		Debug|ARM = Debug|ARM
		Debug|ARM64 = Debug|ARM64
		Debug|x64 = Debug|x64
		Debug|x86 = Debug|x86
		Release|ARM = Release|ARM
		Release|ARM64 = Release|ARM64
		Release|x64 = Release|x64
		Release|x86 = Release|x86
	EndGlobalSection
	GlobalSection(ProjectConfigurationPlatforms) = postSolution
		{10C4CD70-C436-400D-973C-5D7191989E7E}.Debug|ARM.ActiveCfg = Debug|ARM
		{10C4CD70-C436-400D-973C-5D7191989E7E}.Debug|ARM.Build.0 = Debug|ARM
		{10C4CD70-C436-400D-973C-5D7191989E7E}.Debug|ARM.Deploy.0 = Debug|ARM
		{10C4CD70-C436-400D-973C-5D7191989E7E}.Debug|ARM64.ActiveCfg = Debug|ARM64
		{10C4CD70-C436-400D-973C-5D7191989E7E}.Debug|ARM64.Build.0 = Debug|ARM64
		{10C4CD70-C436-400D-973C-5D7191989E7E}.Debug|ARM64.Deploy.0 = Debug|ARM64
		{10C4CD70-C436-400D-973C-5D7191989E7E}.Debug|x64.ActiveCfg = Debug|x64
		{10C4CD70-C436-400D-973C-5D7191989E7E}.Debug|x64.Build.0 = Debug|x64
		{10C4CD70-C436-400D-973C-5D7191989E7E}.Debug|x64.Deploy.0 = Debug|x64
		{10C4CD70-C436-400D-973C-5D7191989E7E}.Debug|x86.ActiveCfg = Debug|x86
		{10C4CD70-C436-400D-973C-5D7191989E7E}.Debug|x86.Build.0 = Debug|x86
		{10C4CD70-C436-400D-973C-5D7191989E7E}.Debug|x86.Deploy.0 = Debug|x86
		{10C4CD70-C436-400D-973C-5D7191989E7E}.Release|ARM.ActiveCfg = Release|ARM
		{10C4CD70-C436-400D-973C-5D7191989E7E}.Release|ARM.Build.0 = Release|ARM
		{10C4CD70-C436-400D-973C-5D7191989E7E}.Release|ARM.Deploy.0 = Release|ARM
		{10C4CD70-C436-400D-973C-5D7191989E7E}.Release|ARM64.ActiveCfg = Release|ARM64
		{10C4CD70-C436-400D-973C-5D7191989E7E}.Release|ARM64.Build.0 = Release|ARM64
		{10C4CD70-C436-400D-973C-5D7191989E7E}.Release|ARM64.Deploy.0 = Release|ARM64
		{10C4CD70-C436-400D-973C-5D7191989E7E}.Release|x64.ActiveCfg = Release|x64
		{10C4CD70-C436-400D-973C-5D7191989E7E}.Release|x64.Build.0 = Release|x64
		{10C4CD70-C436-400D-973C-5D7191989E7E}.Release|x64.Deploy.0 = Release|x64
		{10C4CD70-C436-400D-973C-5D7191989E7E}.Release|x86.ActiveCfg = Release|x86
		{10C4CD70-C436-400D-973C-5D7191989E7E}.Release|x86.Build.0 = Release|x86
		{10C4CD70-C436-400D-973C-5D7191989E7E}.Release|x86.Deploy.0 = Release|x86
		{67BEE5A2-1545-4C5A-A993-91A706CD752C}.Debug|ARM.ActiveCfg = Debug|ARM
		{67BEE5A2-1545-4C5A-A993-91A706CD752C}.Debug|ARM.Build.0 = Debug|ARM
		{67BEE5A2-1545-4C5A-A993-91A706CD752C}.Debug|ARM64.ActiveCfg = Debug|ARM64
		{67BEE5A2-1545-4C5A-A993-91A706CD752C}.Debug|ARM64.Build.0 = Debug|ARM64
		{67BEE5A2-1545-4C5A-A993-91A706CD752C}.Debug|x64.ActiveCfg = Debug|x64
		{67BEE5A2-1545-4C5A-A993-91A706CD752C}.Debug|x64.Build.0 = Debug|x64
		{67BEE5A2-1545-4C5A-A993-91A706CD752C}.Debug|x86.ActiveCfg = Debug|x86
		{67BEE5A2-1545-4C5A-A993-91A706CD752C}.Debug|x86.Build.0 = Debug|x86
		{67BEE5A2-1545-4C5A-A993-91A706CD752C}.Release|ARM.ActiveCfg = Release|ARM
		{67BEE5A2-1545-4C5A-A993-91A706CD752C}.Release|ARM.Build.0 = Release|ARM
		{67BEE5A2-1545-4C5A-A993-91A706CD752C}.Release|ARM64.ActiveCfg = Release|ARM64
		{67BEE5A2-1545-4C5A-A993-91A706CD752C}.Release|ARM64.Build.0 = Release|ARM64
		{67BEE5A2-1545-4C5A-A993-91A706CD752C}.Release|x64.ActiveCfg = Release|x64
		{67BEE5A2-1545-4C5A-A993-91A706CD752C}.Release|x64.Build.0 = Release|x64
		{67BEE5A2-1545-4C5A-A993-91A706CD752C}.Release|x86.ActiveCfg = Release|x86
		{67BEE5A2-1545-4C5A-A993-91A706CD752C}.Release|x86.Build.0 = Release|x86
		{8456089F-2E9B-4B65-9ECF-78BBACA8D2FA}.Debug|ARM.ActiveCfg = Debug|ARM
		{8456089F-2E9B-4B65-9ECF-78BBACA8D2FA}.Debug|ARM.Build.0 = Debug|ARM
		{8456089F-2E9B-4B65-9ECF-78BBACA8D2FA}.Debug|ARM64.ActiveCfg = Debug|ARM64
		{8456089F-2E9B-4B65-9ECF-78BBACA8D2FA}.Debug|ARM64.Build.0 = Debug|ARM64
		{8456089F-2E9B-4B65-9ECF-78BBACA8D2FA}.Debug|x64.ActiveCfg = Debug|x64
		{8456089F-2E9B-4B65-9ECF-78BBACA8D2FA}.Debug|x64.Build.0 = Debug|x64
		{8456089F-2E9B-4B65-9ECF-78BBACA8D2FA}.Debug|x86.ActiveCfg = Debug|x86
		{8456089F-2E9B-4B65-9ECF-78BBACA8D2FA}.Debug|x86.Build.0 = Debug|x86
		{8456089F-2E9B-4B65-9ECF-78BBACA8D2FA}.Release|ARM.ActiveCfg = Release|ARM
		{8456089F-2E9B-4B65-9ECF-78BBACA8D2FA}.Release|ARM.Build.0 = Release|ARM
		{8456089F-2E9B-4B65-9ECF-78BBACA8D2FA}.Release|ARM64.ActiveCfg = Release|ARM64
		{8456089F-2E9B-4B65-9ECF-78BBACA8D2FA}.Release|ARM64.Build.0 = Release|ARM64
		{8456089F-2E9B-4B65-9ECF-78BBACA8D2FA}.Release|x64.ActiveCfg = Release|x64
		{8456089F-2E9B-4B65-9ECF-78BBACA8D2FA}.Release|x64.Build.0 = Release|x64
		{8456089F-2E9B-4B65-9ECF-78BBACA8D2FA}.Release|x86.ActiveCfg = Release|x86
		{8456089F-2E9B-4B65-9ECF-78BBACA8D2FA}.Release|x86.Build.0 = Release|x86
		{C645E6B5-D202-4C77-B192-E3A8F44417E2}.Debug|ARM.ActiveCfg = Debug|ARM
		{C645E6B5-D202-4C77-B192-E3A8F44417E2}.Debug|ARM.Build.0 = Debug|ARM
		{C645E6B5-D202-4C77-B192-E3A8F44417E2}.Debug|ARM64.ActiveCfg = Debug|ARM64
		{C645E6B5-D202-4C77-B192-E3A8F44417E2}.Debug|ARM64.Build.0 = Debug|ARM64
		{C645E6B5-D202-4C77-B192-E3A8F44417E2}.Debug|x64.ActiveCfg = Debug|x64
		{C645E6B5-D202-4C77-B192-E3A8F44417E2}.Debug|x64.Build.0 = Debug|x64
		{C645E6B5-D202-4C77-B192-E3A8F44417E2}.Debug|x86.ActiveCfg = Debug|x86
		{C645E6B5-D202-4C77-B192-E3A8F44417E2}.Debug|x86.Build.0 = Debug|x86
		{C645E6B5-D202-4C77-B192-E3A8F44417E2}.Release|ARM.ActiveCfg = Release|ARM
		{C645E6B5-D202-4C77-B192-E3A8F44417E2}.Release|ARM.Build.0 = Release|ARM
		{C645E6B5-D202-4C77-B192-E3A8F44417E2}.Release|ARM64.ActiveCfg = Release|ARM64
		{C645E6B5-D202-4C77-B192-E3A8F44417E2}.Release|ARM64.Build.0 = Release|ARM64
		{C645E6B5-D202-4C77-B192-E3A8F44417E2}.Release|x64.ActiveCfg = Release|x64
		{C645E6B5-D202-4C77-B192-E3A8F44417E2}.Release|x64.Build.0 = Release|x64
		{C645E6B5-D202-4C77-B192-E3A8F44417E2}.Release|x86.ActiveCfg = Release|x86
		{C645E6B5-D202-4C77-B192-E3A8F44417E2}.Release|x86.Build.0 = Release|x86
		{516C8316-4FA6-462E-B08F-B1421EAD684B}.Debug|ARM.ActiveCfg = Debug|ARM
		{516C8316-4FA6-462E-B08F-B1421EAD684B}.Debug|ARM.Build.0 = Debug|ARM
		{516C8316-4FA6-462E-B08F-B1421EAD684B}.Debug|ARM64.ActiveCfg = Debug|ARM64
		{516C8316-4FA6-462E-B08F-B1421EAD684B}.Debug|ARM64.Build.0 = Debug|ARM64
		{516C8316-4FA6-462E-B08F-B1421EAD684B}.Debug|x64.ActiveCfg = Debug|x64
		{516C8316-4FA6-462E-B08F-B1421EAD684B}.Debug|x64.Build.0 = Debug|x64
		{516C8316-4FA6-462E-B08F-B1421EAD684B}.Debug|x86.ActiveCfg = Debug|x86
		{516C8316-4FA6-462E-B08F-B1421EAD684B}.Debug|x86.Build.0 = Debug|x86
		{516C8316-4FA6-462E-B08F-B1421EAD684B}.Release|ARM.ActiveCfg = Release|ARM
		{516C8316-4FA6-462E-B08F-B1421EAD684B}.Release|ARM.Build.0 = Release|ARM
		{516C8316-4FA6-462E-B08F-B1421EAD684B}.Release|ARM64.ActiveCfg = Release|ARM64
		{516C8316-4FA6-462E-B08F-B1421EAD684B}.Release|ARM64.Build.0 = Release|ARM64
		{516C8316-4FA6-462E-B08F-B1421EAD684B}.Release|x64.ActiveCfg = Release|x64
		{516C8316-4FA6-462E-B08F-B1421EAD684B}.Release|x64.Build.0 = Release|x64
		{516C8316-4FA6-462E-B08F-B1421EAD684B}.Release|x86.ActiveCfg = Release|x86
		{516C8316-4FA6-462E-B08F-B1421EAD684B}.Release|x86.Build.0 = Release|x86
		{05E31645-09CF-4A7B-9E82-945A27E37C86}.Debug|ARM.ActiveCfg = Debug|ARM
		{05E31645-09CF-4A7B-9E82-945A27E37C86}.Debug|ARM.Build.0 = Debug|ARM
		{05E31645-09CF-4A7B-9E82-945A27E37C86}.Debug|ARM64.ActiveCfg = Debug|ARM64
		{05E31645-09CF-4A7B-9E82-945A27E37C86}.Debug|ARM64.Build.0 = Debug|ARM64
		{05E31645-09CF-4A7B-9E82-945A27E37C86}.Debug|x64.ActiveCfg = Debug|x64
		{05E31645-09CF-4A7B-9E82-945A27E37C86}.Debug|x64.Build.0 = Debug|x64
		{05E31645-09CF-4A7B-9E82-945A27E37C86}.Debug|x86.ActiveCfg = Debug|x86
		{05E31645-09CF-4A7B-9E82-945A27E37C86}.Debug|x86.Build.0 = Debug|x86
		{05E31645-09CF-4A7B-9E82-945A27E37C86}.Release|ARM.ActiveCfg = Release|ARM
		{05E31645-09CF-4A7B-9E82-945A27E37C86}.Release|ARM.Build.0 = Release|ARM
		{05E31645-09CF-4A7B-9E82-945A27E37C86}.Release|ARM64.ActiveCfg = Release|ARM64
		{05E31645-09CF-4A7B-9E82-945A27E37C86}.Release|ARM64.Build.0 = Release|ARM64
		{05E31645-09CF-4A7B-9E82-945A27E37C86}.Release|x64.ActiveCfg = Release|x64
		{05E31645-09CF-4A7B-9E82-945A27E37C86}.Release|x64.Build.0 = Release|x64
		{05E31645-09CF-4A7B-9E82-945A27E37C86}.Release|x86.ActiveCfg = Release|x86
		{05E31645-09CF-4A7B-9E82-945A27E37C86}.Release|x86.Build.0 = Release|x86
		{F83ABA2C-AFE5-4E2D-AA18-A777FA90E1E0}.Debug|ARM.ActiveCfg = Debug|ARM
		{F83ABA2C-AFE5-4E2D-AA18-A777FA90E1E0}.Debug|ARM.Build.0 = Debug|ARM
		{F83ABA2C-AFE5-4E2D-AA18-A777FA90E1E0}.Debug|ARM64.ActiveCfg = Debug|ARM64
		{F83ABA2C-AFE5-4E2D-AA18-A777FA90E1E0}.Debug|ARM64.Build.0 = Debug|ARM64
		{F83ABA2C-AFE5-4E2D-AA18-A777FA90E1E0}.Debug|x64.ActiveCfg = Debug|x64
		{F83ABA2C-AFE5-4E2D-AA18-A777FA90E1E0}.Debug|x64.Build.0 = Debug|x64
		{F83ABA2C-AFE5-4E2D-AA18-A777FA90E1E0}.Debug|x86.ActiveCfg = Debug|x86
		{F83ABA2C-AFE5-4E2D-AA18-A777FA90E1E0}.Debug|x86.Build.0 = Debug|x86
		{F83ABA2C-AFE5-4E2D-AA18-A777FA90E1E0}.Release|ARM.ActiveCfg = Release|ARM
		{F83ABA2C-AFE5-4E2D-AA18-A777FA90E1E0}.Release|ARM.Build.0 = Release|ARM
		{F83ABA2C-AFE5-4E2D-AA18-A777FA90E1E0}.Release|ARM64.ActiveCfg = Release|ARM64
		{F83ABA2C-AFE5-4E2D-AA18-A777FA90E1E0}.Release|ARM64.Build.0 = Release|ARM64
		{F83ABA2C-AFE5-4E2D-AA18-A777FA90E1E0}.Release|x64.ActiveCfg = Release|x64
		{F83ABA2C-AFE5-4E2D-AA18-A777FA90E1E0}.Release|x64.Build.0 = Release|x64
		{F83ABA2C-AFE5-4E2D-AA18-A777FA90E1E0}.Release|x86.ActiveCfg = Release|x86
		{F83ABA2C-AFE5-4E2D-AA18-A777FA90E1E0}.Release|x86.Build.0 = Release|x86
		{B2F61C83-958C-47FB-9F8C-7B7036ADBABA}.Debug|ARM.ActiveCfg = Debug|ARM
		{B2F61C83-958C-47FB-9F8C-7B7036ADBABA}.Debug|ARM.Build.0 = Debug|ARM
		{B2F61C83-958C-47FB-9F8C-7B7036ADBABA}.Debug|ARM64.ActiveCfg = Debug|ARM64
		{B2F61C83-958C-47FB-9F8C-7B7036ADBABA}.Debug|ARM64.Build.0 = Debug|ARM64
		{B2F61C83-958C-47FB-9F8C-7B7036ADBABA}.Debug|x64.ActiveCfg = Debug|x64
		{B2F61C83-958C-47FB-9F8C-7B7036ADBABA}.Debug|x64.Build.0 = Debug|x64
		{B2F61C83-958C-47FB-9F8C-7B7036ADBABA}.Debug|x86.ActiveCfg = Debug|x86
		{B2F61C83-958C-47FB-9F8C-7B7036ADBABA}.Debug|x86.Build.0 = Debug|x86
		{B2F61C83-958C-47FB-9F8C-7B7036ADBABA}.Release|ARM.ActiveCfg = Release|ARM
		{B2F61C83-958C-47FB-9F8C-7B7036ADBABA}.Release|ARM.Build.0 = Release|ARM
		{B2F61C83-958C-47FB-9F8C-7B7036ADBABA}.Release|ARM64.ActiveCfg = Release|ARM64
		{B2F61C83-958C-47FB-9F8C-7B7036ADBABA}.Release|ARM64.Build.0 = Release|ARM64
		{B2F61C83-958C-47FB-9F8C-7B7036ADBABA}.Release|x64.ActiveCfg = Release|x64
		{B2F61C83-958C-47FB-9F8C-7B7036ADBABA}.Release|x64.Build.0 = Release|x64
		{B2F61C83-958C-47FB-9F8C-7B7036ADBABA}.Release|x86.ActiveCfg = Release|x86
		{B2F61C83-958C-47FB-9F8C-7B7036ADBABA}.Release|x86.Build.0 = Release|x86
		{A8B3DFAC-C066-40F4-A414-C69A5283C77F}.Debug|ARM.ActiveCfg = Debug|ARM
		{A8B3DFAC-C066-40F4-A414-C69A5283C77F}.Debug|ARM.Build.0 = Debug|ARM
		{A8B3DFAC-C066-40F4-A414-C69A5283C77F}.Debug|ARM64.ActiveCfg = Debug|ARM64
		{A8B3DFAC-C066-40F4-A414-C69A5283C77F}.Debug|ARM64.Build.0 = Debug|ARM64
		{A8B3DFAC-C066-40F4-A414-C69A5283C77F}.Debug|x64.ActiveCfg = Debug|x64
		{A8B3DFAC-C066-40F4-A414-C69A5283C77F}.Debug|x64.Build.0 = Debug|x64
		{A8B3DFAC-C066-40F4-A414-C69A5283C77F}.Debug|x86.ActiveCfg = Debug|x86
		{A8B3DFAC-C066-40F4-A414-C69A5283C77F}.Debug|x86.Build.0 = Debug|x86
		{A8B3DFAC-C066-40F4-A414-C69A5283C77F}.Release|ARM.ActiveCfg = Release|ARM
		{A8B3DFAC-C066-40F4-A414-C69A5283C77F}.Release|ARM.Build.0 = Release|ARM
		{A8B3DFAC-C066-40F4-A414-C69A5283C77F}.Release|ARM64.ActiveCfg = Release|ARM64
		{A8B3DFAC-C066-40F4-A414-C69A5283C77F}.Release|ARM64.Build.0 = Release|ARM64
		{A8B3DFAC-C066-40F4-A414-C69A5283C77F}.Release|x64.ActiveCfg = Release|x64
		{A8B3DFAC-C066-40F4-A414-C69A5283C77F}.Release|x64.Build.0 = Release|x64
		{A8B3DFAC-C066-40F4-A414-C69A5283C77F}.Release|x86.ActiveCfg = Release|x86
		{A8B3DFAC-C066-40F4-A414-C69A5283C77F}.Release|x86.Build.0 = Release|x86
		{6262863F-2FE2-4414-9805-561FBA1AF279}.Debug|ARM.ActiveCfg = Debug|ARM
		{6262863F-2FE2-4414-9805-561FBA1AF279}.Debug|ARM.Build.0 = Debug|ARM
		{6262863F-2FE2-4414-9805-561FBA1AF279}.Debug|ARM64.ActiveCfg = Debug|ARM64
		{6262863F-2FE2-4414-9805-561FBA1AF279}.Debug|ARM64.Build.0 = Debug|ARM64
		{6262863F-2FE2-4414-9805-561FBA1AF279}.Debug|x64.ActiveCfg = Debug|x64
		{6262863F-2FE2-4414-9805-561FBA1AF279}.Debug|x64.Build.0 = Debug|x64
		{6262863F-2FE2-4414-9805-561FBA1AF279}.Debug|x86.ActiveCfg = Debug|x86
		{6262863F-2FE2-4414-9805-561FBA1AF279}.Debug|x86.Build.0 = Debug|x86
		{6262863F-2FE2-4414-9805-561FBA1AF279}.Release|ARM.ActiveCfg = Release|ARM
		{6262863F-2FE2-4414-9805-561FBA1AF279}.Release|ARM.Build.0 = Release|ARM
		{6262863F-2FE2-4414-9805-561FBA1AF279}.Release|ARM64.ActiveCfg = Release|ARM64
		{6262863F-2FE2-4414-9805-561FBA1AF279}.Release|ARM64.Build.0 = Release|ARM64
		{6262863F-2FE2-4414-9805-561FBA1AF279}.Release|x64.ActiveCfg = Release|x64
		{6262863F-2FE2-4414-9805-561FBA1AF279}.Release|x64.Build.0 = Release|x64
		{6262863F-2FE2-4414-9805-561FBA1AF279}.Release|x86.ActiveCfg = Release|x86
		{6262863F-2FE2-4414-9805-561FBA1AF279}.Release|x86.Build.0 = Release|x86
	EndGlobalSection
	GlobalSection(SolutionProperties) = preSolution
		HideSolutionNode = FALSE
	EndGlobalSection
	GlobalSection(NestedProjects) = preSolution
		{10C4CD70-C436-400D-973C-5D7191989E7E} = {E3B77D31-9D47-4966-B5EA-69FF0814D056}
		{67BEE5A2-1545-4C5A-A993-91A706CD752C} = {E3B77D31-9D47-4966-B5EA-69FF0814D056}
		{8456089F-2E9B-4B65-9ECF-78BBACA8D2FA} = {13C99D0E-DB9A-4212-B587-F3B0646D5090}
		{C645E6B5-D202-4C77-B192-E3A8F44417E2} = {13C99D0E-DB9A-4212-B587-F3B0646D5090}
		{516C8316-4FA6-462E-B08F-B1421EAD684B} = {13C99D0E-DB9A-4212-B587-F3B0646D5090}
		{05E31645-09CF-4A7B-9E82-945A27E37C86} = {13C99D0E-DB9A-4212-B587-F3B0646D5090}
		{F83ABA2C-AFE5-4E2D-AA18-A777FA90E1E0} = {13C99D0E-DB9A-4212-B587-F3B0646D5090}
		{B2F61C83-958C-47FB-9F8C-7B7036ADBABA} = {13C99D0E-DB9A-4212-B587-F3B0646D5090}
		{A8B3DFAC-C066-40F4-A414-C69A5283C77F} = {13C99D0E-DB9A-4212-B587-F3B0646D5090}
		{6262863F-2FE2-4414-9805-561FBA1AF279} = {13C99D0E-DB9A-4212-B587-F3B0646D5090}
	EndGlobalSection
EndGlobal
